{
  "pins" : [
    {
      "identity" : "emojipalette",
      "kind" : "remoteSourceControl",
      "location" : "https://github.com/Kyome22/EmojiPalette",
      "state" : {
        "revision" : "4fb34a42f903478e59e137d0189eb31ae633d4d1",
        "version" : "0.4.2"
      }
    }
  ],
  "version" : 2
}
