// !$*UTF8*$!
{
	archiveVersion = 1;
	classes = {
	};
	objectVersion = 60;
	objects = {

/* Begin PBXBuildFile section */
		480D9C312D18AE21006AE83E /* EmojiPalette in Frameworks */ = {isa = PBXBuildFile; productRef = 480D9C302D18AE21006AE83E /* EmojiPalette */; };
		481D8B1D2D15A82700EAF053 /* EmojiBoardApp.swift in Sources */ = {isa = PBXBuildFile; fileRef = 481D8B1C2D15A82700EAF053 /* EmojiBoardApp.swift */; };
		481D8B1F2D15A82700EAF053 /* ContentView.swift in Sources */ = {isa = PBXBuildFile; fileRef = 481D8B1E2D15A82700EAF053 /* ContentView.swift */; };
		481D8B212D15A82A00EAF053 /* Assets.xcassets in Resources */ = {isa = PBXBuildFile; fileRef = 481D8B202D15A82A00EAF053 /* Assets.xcassets */; };
		481D8B242D15A82A00EAF053 /* Preview Assets.xcassets in Resources */ = {isa = PBXBuildFile; fileRef = 481D8B232D15A82A00EAF053 /* Preview Assets.xcassets */; };
		4893E07E2D17E67500611F7B /* Storage.swift in Sources */ = {isa = PBXBuildFile; fileRef = 4893E07D2D17E67500611F7B /* Storage.swift */; };
		48EC3DB72D1A2A6000136993 /* ShakingAnimation.swift in Sources */ = {isa = PBXBuildFile; fileRef = 48EC3DB62D1A2A6000136993 /* ShakingAnimation.swift */; };
/* End PBXBuildFile section */

/* Begin PBXFileReference section */
		481D8B192D15A82700EAF053 /* EmojiBoard.app */ = {isa = PBXFileReference; explicitFileType = wrapper.application; includeInIndex = 0; path = EmojiBoard.app; sourceTree = BUILT_PRODUCTS_DIR; };
		481D8B1C2D15A82700EAF053 /* EmojiBoardApp.swift */ = {isa = PBXFileReference; lastKnownFileType = sourcecode.swift; path = EmojiBoardApp.swift; sourceTree = "<group>"; };
		481D8B1E2D15A82700EAF053 /* ContentView.swift */ = {isa = PBXFileReference; lastKnownFileType = sourcecode.swift; path = ContentView.swift; sourceTree = "<group>"; };
		481D8B202D15A82A00EAF053 /* Assets.xcassets */ = {isa = PBXFileReference; lastKnownFileType = folder.assetcatalog; path = Assets.xcassets; sourceTree = "<group>"; };
		481D8B232D15A82A00EAF053 /* Preview Assets.xcassets */ = {isa = PBXFileReference; lastKnownFileType = folder.assetcatalog; path = "Preview Assets.xcassets"; sourceTree = "<group>"; };
		4893E07D2D17E67500611F7B /* Storage.swift */ = {isa = PBXFileReference; lastKnownFileType = sourcecode.swift; path = Storage.swift; sourceTree = "<group>"; };
		48EC3DB62D1A2A6000136993 /* ShakingAnimation.swift */ = {isa = PBXFileReference; lastKnownFileType = sourcecode.swift; path = ShakingAnimation.swift; sourceTree = "<group>"; };
/* End PBXFileReference section */

/* Begin PBXFrameworksBuildPhase section */
		481D8B162D15A82700EAF053 /* Frameworks */ = {
			isa = PBXFrameworksBuildPhase;
			buildActionMask = 2147483647;
			files = (
				480D9C312D18AE21006AE83E /* EmojiPalette in Frameworks */,
			);
			runOnlyForDeploymentPostprocessing = 0;
		};
/* End PBXFrameworksBuildPhase section */

/* Begin PBXGroup section */
		481D8B102D15A82700EAF053 = {
			isa = PBXGroup;
			children = (
				481D8B1B2D15A82700EAF053 /* EmojiBoard */,
				481D8B1A2D15A82700EAF053 /* Products */,
			);
			sourceTree = "<group>";
		};
		481D8B1A2D15A82700EAF053 /* Products */ = {
			isa = PBXGroup;
			children = (
				481D8B192D15A82700EAF053 /* EmojiBoard.app */,
			);
			name = Products;
			sourceTree = "<group>";
		};
		481D8B1B2D15A82700EAF053 /* EmojiBoard */ = {
			isa = PBXGroup;
			children = (
				481D8B1C2D15A82700EAF053 /* EmojiBoardApp.swift */,
				481D8B1E2D15A82700EAF053 /* ContentView.swift */,
				48EC3DB62D1A2A6000136993 /* ShakingAnimation.swift */,
				4893E07D2D17E67500611F7B /* Storage.swift */,
				481D8B202D15A82A00EAF053 /* Assets.xcassets */,
				481D8B222D15A82A00EAF053 /* Preview Content */,
			);
			path = EmojiBoard;
			sourceTree = "<group>";
		};
		481D8B222D15A82A00EAF053 /* Preview Content */ = {
			isa = PBXGroup;
			children = (
				481D8B232D15A82A00EAF053 /* Preview Assets.xcassets */,
			);
			path = "Preview Content";
			sourceTree = "<group>";
		};
/* End PBXGroup section */

/* Begin PBXNativeTarget section */
		481D8B182D15A82700EAF053 /* EmojiBoard */ = {
			isa = PBXNativeTarget;
			buildConfigurationList = 481D8B272D15A82A00EAF053 /* Build configuration list for PBXNativeTarget "EmojiBoard" */;
			buildPhases = (
				481D8B152D15A82700EAF053 /* Sources */,
				481D8B162D15A82700EAF053 /* Frameworks */,
				481D8B172D15A82700EAF053 /* Resources */,
			);
			buildRules = (
			);
			dependencies = (
			);
			name = EmojiBoard;
			packageProductDependencies = (
				480D9C302D18AE21006AE83E /* EmojiPalette */,
			);
			productName = EmojiBoard;
			productReference = 481D8B192D15A82700EAF053 /* EmojiBoard.app */;
			productType = "com.apple.product-type.application";
		};
/* End PBXNativeTarget section */

/* Begin PBXProject section */
		481D8B112D15A82700EAF053 /* Project object */ = {
			isa = PBXProject;
			attributes = {
				BuildIndependentTargetsInParallel = 1;
				LastSwiftUpdateCheck = 1420;
				LastUpgradeCheck = 1520;
				TargetAttributes = {
					481D8B182D15A82700EAF053 = {
						CreatedOnToolsVersion = 14.2;
					};
				};
			};
			buildConfigurationList = 481D8B142D15A82700EAF053 /* Build configuration list for PBXProject "EmojiBoard" */;
			compatibilityVersion = "Xcode 14.0";
			developmentRegion = en;
			hasScannedForEncodings = 0;
			knownRegions = (
				en,
				Base,
			);
			mainGroup = 481D8B102D15A82700EAF053;
			packageReferences = (
				480D9C2F2D18AE21006AE83E /* XCLocalSwiftPackageReference "EmojiBoard/packages/EmojiPalette" */,
			);
			productRefGroup = 481D8B1A2D15A82700EAF053 /* Products */;
			projectDirPath = "";
			projectRoot = "";
			targets = (
				481D8B182D15A82700EAF053 /* EmojiBoard */,
			);
		};
/* End PBXProject section */

/* Begin PBXResourcesBuildPhase section */
		481D8B172D15A82700EAF053 /* Resources */ = {
			isa = PBXResourcesBuildPhase;
			buildActionMask = 2147483647;
			files = (
				481D8B242D15A82A00EAF053 /* Preview Assets.xcassets in Resources */,
				481D8B212D15A82A00EAF053 /* Assets.xcassets in Resources */,
			);
			runOnlyForDeploymentPostprocessing = 0;
		};
/* End PBXResourcesBuildPhase section */

/* Begin PBXSourcesBuildPhase section */
		481D8B152D15A82700EAF053 /* Sources */ = {
			isa = PBXSourcesBuildPhase;
			buildActionMask = 2147483647;
			files = (
				481D8B1F2D15A82700EAF053 /* ContentView.swift in Sources */,
				481D8B1D2D15A82700EAF053 /* EmojiBoardApp.swift in Sources */,
				48EC3DB72D1A2A6000136993 /* ShakingAnimation.swift in Sources */,
				4893E07E2D17E67500611F7B /* Storage.swift in Sources */,
			);
			runOnlyForDeploymentPostprocessing = 0;
		};
/* End PBXSourcesBuildPhase section */

/* Begin XCBuildConfiguration section */
		481D8B252D15A82A00EAF053 /* Debug */ = {
			isa = XCBuildConfiguration;
			buildSettings = {
				ALWAYS_SEARCH_USER_PATHS = NO;
				CLANG_ANALYZER_NONNULL = YES;
				CLANG_ANALYZER_NUMBER_OBJECT_CONVERSION = YES_AGGRESSIVE;
				CLANG_CXX_LANGUAGE_STANDARD = "gnu++20";
				CLANG_ENABLE_MODULES = YES;
				CLANG_ENABLE_OBJC_ARC = YES;
				CLANG_ENABLE_OBJC_WEAK = YES;
				CLANG_WARN_BLOCK_CAPTURE_AUTORELEASING = YES;
				CLANG_WARN_BOOL_CONVERSION = YES;
				CLANG_WARN_COMMA = YES;
				CLANG_WARN_CONSTANT_CONVERSION = YES;
				CLANG_WARN_DEPRECATED_OBJC_IMPLEMENTATIONS = YES;
				CLANG_WARN_DIRECT_OBJC_ISA_USAGE = YES_ERROR;
				CLANG_WARN_DOCUMENTATION_COMMENTS = YES;
				CLANG_WARN_EMPTY_BODY = YES;
				CLANG_WARN_ENUM_CONVERSION = YES;
				CLANG_WARN_INFINITE_RECURSION = YES;
				CLANG_WARN_INT_CONVERSION = YES;
				CLANG_WARN_NON_LITERAL_NULL_CONVERSION = YES;
				CLANG_WARN_OBJC_IMPLICIT_RETAIN_SELF = YES;
				CLANG_WARN_OBJC_LITERAL_CONVERSION = YES;
				CLANG_WARN_OBJC_ROOT_CLASS = YES_ERROR;
				CLANG_WARN_QUOTED_INCLUDE_IN_FRAMEWORK_HEADER = YES;
				CLANG_WARN_RANGE_LOOP_ANALYSIS = YES;
				CLANG_WARN_STRICT_PROTOTYPES = YES;
				CLANG_WARN_SUSPICIOUS_MOVE = YES;
				CLANG_WARN_UNGUARDED_AVAILABILITY = YES_AGGRESSIVE;
				CLANG_WARN_UNREACHABLE_CODE = YES;
				CLANG_WARN__DUPLICATE_METHOD_MATCH = YES;
				COPY_PHASE_STRIP = NO;
				DEBUG_INFORMATION_FORMAT = dwarf;
				ENABLE_STRICT_OBJC_MSGSEND = YES;
				ENABLE_TESTABILITY = YES;
				ENABLE_USER_SCRIPT_SANDBOXING = YES;
				GCC_C_LANGUAGE_STANDARD = gnu11;
				GCC_DYNAMIC_NO_PIC = NO;
				GCC_NO_COMMON_BLOCKS = YES;
				GCC_OPTIMIZATION_LEVEL = 0;
				GCC_PREPROCESSOR_DEFINITIONS = (
					"DEBUG=1",
					"$(inherited)",
				);
				GCC_WARN_64_TO_32_BIT_CONVERSION = YES;
				GCC_WARN_ABOUT_RETURN_TYPE = YES_ERROR;
				GCC_WARN_UNDECLARED_SELECTOR = YES;
				GCC_WARN_UNINITIALIZED_AUTOS = YES_AGGRESSIVE;
				GCC_WARN_UNUSED_FUNCTION = YES;
				GCC_WARN_UNUSED_VARIABLE = YES;
				IPHONEOS_DEPLOYMENT_TARGET = 17.0;
				MTL_ENABLE_DEBUG_INFO = INCLUDE_SOURCE;
				MTL_FAST_MATH = YES;
				ONLY_ACTIVE_ARCH = YES;
				SDKROOT = iphoneos;
				SWIFT_ACTIVE_COMPILATION_CONDITIONS = DEBUG;
				SWIFT_OPTIMIZATION_LEVEL = "-Onone";
			};
			name = Debug;
		};
		481D8B262D15A82A00EAF053 /* Release */ = {
			isa = XCBuildConfiguration;
			buildSettings = {
				ALWAYS_SEARCH_USER_PATHS = NO;
				CLANG_ANALYZER_NONNULL = YES;
				CLANG_ANALYZER_NUMBER_OBJECT_CONVERSION = YES_AGGRESSIVE;
				CLANG_CXX_LANGUAGE_STANDARD = "gnu++20";
				CLANG_ENABLE_MODULES = YES;
				CLANG_ENABLE_OBJC_ARC = YES;
				CLANG_ENABLE_OBJC_WEAK = YES;
				CLANG_WARN_BLOCK_CAPTURE_AUTORELEASING = YES;
				CLANG_WARN_BOOL_CONVERSION = YES;
				CLANG_WARN_COMMA = YES;
				CLANG_WARN_CONSTANT_CONVERSION = YES;
				CLANG_WARN_DEPRECATED_OBJC_IMPLEMENTATIONS = YES;
				CLANG_WARN_DIRECT_OBJC_ISA_USAGE = YES_ERROR;
				CLANG_WARN_DOCUMENTATION_COMMENTS = YES;
				CLANG_WARN_EMPTY_BODY = YES;
				CLANG_WARN_ENUM_CONVERSION = YES;
				CLANG_WARN_INFINITE_RECURSION = YES;
				CLANG_WARN_INT_CONVERSION = YES;
				CLANG_WARN_NON_LITERAL_NULL_CONVERSION = YES;
				CLANG_WARN_OBJC_IMPLICIT_RETAIN_SELF = YES;
				CLANG_WARN_OBJC_LITERAL_CONVERSION = YES;
				CLANG_WARN_OBJC_ROOT_CLASS = YES_ERROR;
				CLANG_WARN_QUOTED_INCLUDE_IN_FRAMEWORK_HEADER = YES;
				CLANG_WARN_RANGE_LOOP_ANALYSIS = YES;
				CLANG_WARN_STRICT_PROTOTYPES = YES;
				CLANG_WARN_SUSPICIOUS_MOVE = YES;
				CLANG_WARN_UNGUARDED_AVAILABILITY = YES_AGGRESSIVE;
				CLANG_WARN_UNREACHABLE_CODE = YES;
				CLANG_WARN__DUPLICATE_METHOD_MATCH = YES;
				COPY_PHASE_STRIP = NO;
				DEBUG_INFORMATION_FORMAT = "dwarf-with-dsym";
				ENABLE_NS_ASSERTIONS = NO;
				ENABLE_STRICT_OBJC_MSGSEND = YES;
				ENABLE_USER_SCRIPT_SANDBOXING = YES;
				GCC_C_LANGUAGE_STANDARD = gnu11;
				GCC_NO_COMMON_BLOCKS = YES;
				GCC_WARN_64_TO_32_BIT_CONVERSION = YES;
				GCC_WARN_ABOUT_RETURN_TYPE = YES_ERROR;
				GCC_WARN_UNDECLARED_SELECTOR = YES;
				GCC_WARN_UNINITIALIZED_AUTOS = YES_AGGRESSIVE;
				GCC_WARN_UNUSED_FUNCTION = YES;
				GCC_WARN_UNUSED_VARIABLE = YES;
				IPHONEOS_DEPLOYMENT_TARGET = 17.0;
				MTL_ENABLE_DEBUG_INFO = NO;
				MTL_FAST_MATH = YES;
				SDKROOT = iphoneos;
				SWIFT_COMPILATION_MODE = wholemodule;
				SWIFT_OPTIMIZATION_LEVEL = "-O";
				VALIDATE_PRODUCT = YES;
			};
			name = Release;
		};
		481D8B282D15A82A00EAF053 /* Debug */ = {
			isa = XCBuildConfiguration;
			buildSettings = {
				ASSETCATALOG_COMPILER_APPICON_NAME = AppIcon;
				ASSETCATALOG_COMPILER_GLOBAL_ACCENT_COLOR_NAME = AccentColor;
				CODE_SIGN_IDENTITY = "Apple Development";
				CODE_SIGN_STYLE = Automatic;
				CURRENT_PROJECT_VERSION = 1;
				DEVELOPMENT_ASSET_PATHS = "\"EmojiBoard/Preview Content\"";
				DEVELOPMENT_TEAM = 9QNMAN8CT6;
				ENABLE_PREVIEWS = YES;
				GENERATE_INFOPLIST_FILE = YES;
				INFOPLIST_KEY_UIApplicationSceneManifest_Generation = YES;
				INFOPLIST_KEY_UIApplicationSupportsIndirectInputEvents = YES;
				INFOPLIST_KEY_UILaunchScreen_Generation = YES;
				INFOPLIST_KEY_UISupportedInterfaceOrientations_iPad = "UIInterfaceOrientationPortrait UIInterfaceOrientationPortraitUpsideDown UIInterfaceOrientationLandscapeLeft UIInterfaceOrientationLandscapeRight";
				INFOPLIST_KEY_UISupportedInterfaceOrientations_iPhone = "UIInterfaceOrientationPortrait UIInterfaceOrientationLandscapeLeft UIInterfaceOrientationLandscapeRight";
				LD_RUNPATH_SEARCH_PATHS = (
					"$(inherited)",
					"@executable_path/Frameworks",
				);
				MARKETING_VERSION = 1.0;
				PRODUCT_BUNDLE_IDENTIFIER = "-RF964BK8R.EmojiBoard";
				PRODUCT_NAME = "$(TARGET_NAME)";
				PROVISIONING_PROFILE_SPECIFIER = "";
				SWIFT_EMIT_LOC_STRINGS = YES;
				SWIFT_VERSION = 5.0;
				TARGETED_DEVICE_FAMILY = "1,2";
			};
			name = Debug;
		};
		481D8B292D15A82A00EAF053 /* Release */ = {
			isa = XCBuildConfiguration;
			buildSettings = {
				ASSETCATALOG_COMPILER_APPICON_NAME = AppIcon;
				ASSETCATALOG_COMPILER_GLOBAL_ACCENT_COLOR_NAME = AccentColor;
				CODE_SIGN_IDENTITY = "Apple Development";
				CODE_SIGN_STYLE = Automatic;
				CURRENT_PROJECT_VERSION = 1;
				DEVELOPMENT_ASSET_PATHS = "\"EmojiBoard/Preview Content\"";
				DEVELOPMENT_TEAM = 9QNMAN8CT6;
				ENABLE_PREVIEWS = YES;
				GENERATE_INFOPLIST_FILE = YES;
				INFOPLIST_KEY_UIApplicationSceneManifest_Generation = YES;
				INFOPLIST_KEY_UIApplicationSupportsIndirectInputEvents = YES;
				INFOPLIST_KEY_UILaunchScreen_Generation = YES;
				INFOPLIST_KEY_UISupportedInterfaceOrientations_iPad = "UIInterfaceOrientationPortrait UIInterfaceOrientationPortraitUpsideDown UIInterfaceOrientationLandscapeLeft UIInterfaceOrientationLandscapeRight";
				INFOPLIST_KEY_UISupportedInterfaceOrientations_iPhone = "UIInterfaceOrientationPortrait UIInterfaceOrientationLandscapeLeft UIInterfaceOrientationLandscapeRight";
				LD_RUNPATH_SEARCH_PATHS = (
					"$(inherited)",
					"@executable_path/Frameworks",
				);
				MARKETING_VERSION = 1.0;
				PRODUCT_BUNDLE_IDENTIFIER = "-RF964BK8R.EmojiBoard";
				PRODUCT_NAME = "$(TARGET_NAME)";
				PROVISIONING_PROFILE_SPECIFIER = "";
				SWIFT_EMIT_LOC_STRINGS = YES;
				SWIFT_VERSION = 5.0;
				TARGETED_DEVICE_FAMILY = "1,2";
			};
			name = Release;
		};
/* End XCBuildConfiguration section */

/* Begin XCConfigurationList section */
		481D8B142D15A82700EAF053 /* Build configuration list for PBXProject "EmojiBoard" */ = {
			isa = XCConfigurationList;
			buildConfigurations = (
				481D8B252D15A82A00EAF053 /* Debug */,
				481D8B262D15A82A00EAF053 /* Release */,
			);
			defaultConfigurationIsVisible = 0;
			defaultConfigurationName = Release;
		};
		481D8B272D15A82A00EAF053 /* Build configuration list for PBXNativeTarget "EmojiBoard" */ = {
			isa = XCConfigurationList;
			buildConfigurations = (
				481D8B282D15A82A00EAF053 /* Debug */,
				481D8B292D15A82A00EAF053 /* Release */,
			);
			defaultConfigurationIsVisible = 0;
			defaultConfigurationName = Release;
		};
/* End XCConfigurationList section */

/* Begin XCLocalSwiftPackageReference section */
		480D9C2F2D18AE21006AE83E /* XCLocalSwiftPackageReference "EmojiBoard/packages/EmojiPalette" */ = {
			isa = XCLocalSwiftPackageReference;
			relativePath = EmojiBoard/packages/EmojiPalette;
		};
/* End XCLocalSwiftPackageReference section */

/* Begin XCSwiftPackageProductDependency section */
		480D9C302D18AE21006AE83E /* EmojiPalette */ = {
			isa = XCSwiftPackageProductDependency;
			productName = EmojiPalette;
		};
/* End XCSwiftPackageProductDependency section */
	};
	rootObject = 481D8B112D15A82700EAF053 /* Project object */;
}
